
Microsoft Visual Studio Solution File, Format Version 12.00
# Visual Studio Version 17
VisualStudioVersion = 17.4.33213.308
MinimumVisualStudioVersion = 10.0.40219.1
Project("{9A19103F-16F7-4668-BE54-9A1E7A4F7556}") = "WebShopPIN.Server", "WebShopPIN\Server\WebShopPIN.Server.csproj", "{7E7B2DBB-EB0F-4824-8790-DBFDEDECF38E}"
EndProject
Project("{9A19103F-16F7-4668-BE54-9A1E7A4F7556}") = "WebShopPIN.Client", "WebShopPIN\Client\WebShopPIN.Client.csproj", "{08C81893-1A0F-4631-AE26-76572988CC4C}"
EndProject
Project("{9A19103F-16F7-4668-BE54-9A1E7A4F7556}") = "WebShopPIN.Shared", "WebShopPIN\Shared\WebShopPIN.Shared.csproj", "{FC9BE875-DD11-4955-BE82-DB1AD1906F30}"
EndProject
Global
	GlobalSection(SolutionConfigurationPlatforms) = preSolution
		Debug|Any CPU = Debug|Any CPU
		Release|Any CPU = Release|Any CPU
	EndGlobalSection
	GlobalSection(ProjectConfigurationPlatforms) = postSolution
		{7E7B2DBB-EB0F-4824-8790-DBFDEDECF38E}.Debug|Any CPU.ActiveCfg = Debug|Any CPU
		{7E7B2DBB-EB0F-4824-8790-DBFDEDECF38E}.Debug|Any CPU.Build.0 = Debug|Any CPU
		{7E7B2DBB-EB0F-4824-8790-DBFDEDECF38E}.Release|Any CPU.ActiveCfg = Release|Any CPU
		{7E7B2DBB-EB0F-4824-8790-DBFDEDECF38E}.Release|Any CPU.Build.0 = Release|Any CPU
		{08C81893-1A0F-4631-AE26-76572988CC4C}.Debug|Any CPU.ActiveCfg = Debug|Any CPU
		{08C81893-1A0F-4631-AE26-76572988CC4C}.Debug|Any CPU.Build.0 = Debug|Any CPU
		{08C81893-1A0F-4631-AE26-76572988CC4C}.Release|Any CPU.ActiveCfg = Release|Any CPU
		{08C81893-1A0F-4631-AE26-76572988CC4C}.Release|Any CPU.Build.0 = Release|Any CPU
		{FC9BE875-DD11-4955-BE82-DB1AD1906F30}.Debug|Any CPU.ActiveCfg = Debug|Any CPU
		{FC9BE875-DD11-4955-BE82-DB1AD1906F30}.Debug|Any CPU.Build.0 = Debug|Any CPU
		{FC9BE875-DD11-4955-BE82-DB1AD1906F30}.Release|Any CPU.ActiveCfg = Release|Any CPU
		{FC9BE875-DD11-4955-BE82-DB1AD1906F30}.Release|Any CPU.Build.0 = Release|Any CPU
	EndGlobalSection
	GlobalSection(SolutionProperties) = preSolution
		HideSolutionNode = FALSE
	EndGlobalSection
	GlobalSection(ExtensibilityGlobals) = postSolution
		SolutionGuid = {1A670D1F-9A74-4C40-8809-BEA8317B6389}
	EndGlobalSection
EndGlobal
